
Microsoft Visual Studio Solution File, Format Version 12.00
# Visual Studio Version 17
VisualStudioVersion = 17.8.34316.72
MinimumVisualStudioVersion = 10.0.40219.1
Project("{E24C65DC-7377-472B-9ABA-BC803B73C61A}") = "HaberPortali", "..\..\..\Desktop\HaberPortali\", "{A94C3D8E-4615-48BD-BFC8-5122F9318AEC}"
	ProjectSection(WebsiteProperties) = preProject
		TargetFrameworkMoniker = ".NETFramework,Version%3Dv4.0"
		Debug.AspNetCompiler.VirtualPath = "/localhost_55852"
		Debug.AspNetCompiler.PhysicalPath = "..\..\..\Desktop\HaberPortali\"
		Debug.AspNetCompiler.TargetPath = "PrecompiledWeb\localhost_55852\"
		Debug.AspNetCompiler.Updateable = "true"
		Debug.AspNetCompiler.ForceOverwrite = "true"
		Debug.AspNetCompiler.FixedNames = "false"
		Debug.AspNetCompiler.Debug = "True"
		Release.AspNetCompiler.VirtualPath = "/localhost_55852"
		Release.AspNetCompiler.PhysicalPath = "..\..\..\Desktop\HaberPortali\"
		Release.AspNetCompiler.TargetPath = "PrecompiledWeb\localhost_55852\"
		Release.AspNetCompiler.Updateable = "true"
		Release.AspNetCompiler.ForceOverwrite = "true"
		Release.AspNetCompiler.FixedNames = "false"
		Release.AspNetCompiler.Debug = "False"
		VWDPort = "55852"
		SlnRelativePath = "..\..\..\Desktop\HaberPortali\"
	EndProjectSection
EndProject
Global
	GlobalSection(SolutionConfigurationPlatforms) = preSolution
		Debug|Any CPU = Debug|Any CPU
	EndGlobalSection
	GlobalSection(ProjectConfigurationPlatforms) = postSolution
		{A94C3D8E-4615-48BD-BFC8-5122F9318AEC}.Debug|Any CPU.ActiveCfg = Debug|Any CPU
		{A94C3D8E-4615-48BD-BFC8-5122F9318AEC}.Debug|Any CPU.Build.0 = Debug|Any CPU
	EndGlobalSection
	GlobalSection(SolutionProperties) = preSolution
		HideSolutionNode = FALSE
	EndGlobalSection
	GlobalSection(ExtensibilityGlobals) = postSolution
		SolutionGuid = {F2024509-4B10-40BE-9571-D9096FF4D023}
	EndGlobalSection
EndGlobal
